
Microsoft Visual Studio Solution File, Format Version 12.00
# Visual Studio Version 17
VisualStudioVersion = 17.4.33213.308
MinimumVisualStudioVersion = 10.0.40219.1
Project("{FAE04EC0-301F-11D3-BF4B-00C04F79EFBC}") = "TestAPI", "TestAPI\TestAPI.csproj", "{5A21D514-A75C-4228-B0AE-B18E4D348314}"
EndProject
Global
	GlobalSection(SolutionConfigurationPlatforms) = preSolution
		Debug|Any CPU = Debug|Any CPU
		Release|Any CPU = Release|Any CPU
	EndGlobalSection
	GlobalSection(ProjectConfigurationPlatforms) = postSolution
		{5A21D514-A75C-4228-B0AE-B18E4D348314}.Debug|Any CPU.ActiveCfg = Debug|Any CPU
		{5A21D514-A75C-4228-B0AE-B18E4D348314}.Debug|Any CPU.Build.0 = Debug|Any CPU
		{5A21D514-A75C-4228-B0AE-B18E4D348314}.Release|Any CPU.ActiveCfg = Release|Any CPU
		{5A21D514-A75C-4228-B0AE-B18E4D348314}.Release|Any CPU.Build.0 = Release|Any CPU
	EndGlobalSection
	GlobalSection(SolutionProperties) = preSolution
		HideSolutionNode = FALSE
	EndGlobalSection
	GlobalSection(ExtensibilityGlobals) = postSolution
		SolutionGuid = {060FF7D5-9F16-47D8-854C-C472DC7C6C2E}
	EndGlobalSection
EndGlobal
